
Microsoft Visual Studio Solution File, Format Version 12.00
# Visual Studio Version 17
VisualStudioVersion = 17.9.34622.214
MinimumVisualStudioVersion = 10.0.40219.1
Project("{FAE04EC0-301F-11D3-BF4B-00C04F79EFBC}") = "QuanLyBanSach", "QuanLyBanSach\QuanLyBanSach.csproj", "{966782A9-F6E3-478C-B0D9-7C73887F808E}"
EndProject
Global
	GlobalSection(SolutionConfigurationPlatforms) = preSolution
		Debug|Any CPU = Debug|Any CPU
		Release|Any CPU = Release|Any CPU
	EndGlobalSection
	GlobalSection(ProjectConfigurationPlatforms) = postSolution
		{966782A9-F6E3-478C-B0D9-7C73887F808E}.Debug|Any CPU.ActiveCfg = Debug|Any CPU
		{966782A9-F6E3-478C-B0D9-7C73887F808E}.Debug|Any CPU.Build.0 = Debug|Any CPU
		{966782A9-F6E3-478C-B0D9-7C73887F808E}.Release|Any CPU.ActiveCfg = Release|Any CPU
		{966782A9-F6E3-478C-B0D9-7C73887F808E}.Release|Any CPU.Build.0 = Release|Any CPU
	EndGlobalSection
	GlobalSection(SolutionProperties) = preSolution
		HideSolutionNode = FALSE
	EndGlobalSection
	GlobalSection(ExtensibilityGlobals) = postSolution
		SolutionGuid = {953694D3-6589-4CDD-88E1-D3676F139E0D}
	EndGlobalSection
EndGlobal
